
Microsoft Visual Studio Solution File, Format Version 12.00
# Visual Studio Version 17
VisualStudioVersion = 17.0.31903.59
MinimumVisualStudioVersion = 10.0.40219.1
Project("{2150E333-8FDC-42A3-9474-1A3956D46DE8}") = "src", "src", "{827E0CD3-B72D-47B6-A68D-7590B98EB39B}"
EndProject
Project("{2150E333-8FDC-42A3-9474-1A3956D46DE8}") = "Core", "Core", "{8D626EA8-CB54-BC41-363A-217881BEBA6E}"
EndProject
Project("{FAE04EC0-301F-11D3-BF4B-00C04F79EFBC}") = "SistemaEstoque.Core", "src\Core\SistemaEstoque.Core.csproj", "{BBC787C5-CDFD-48F6-91E0-AAACF164F998}"
EndProject
Project("{2150E333-8FDC-42A3-9474-1A3956D46DE8}") = "Application", "Application", "{22BAF98C-8415-17C4-B26A-D537657BC863}"
EndProject
Project("{FAE04EC0-301F-11D3-BF4B-00C04F79EFBC}") = "SistemaEstoque.Application", "src\Application\SistemaEstoque.Application.csproj", "{8319035D-5776-4E84-A602-8C1728ABADE5}"
EndProject
Project("{2150E333-8FDC-42A3-9474-1A3956D46DE8}") = "Infrastructure", "Infrastructure", "{9048EB7F-3875-A59E-E36B-5BD4C6F2A282}"
EndProject
Project("{FAE04EC0-301F-11D3-BF4B-00C04F79EFBC}") = "SistemaEstoque.Infrastructure", "src\Infrastructure\SistemaEstoque.Infrastructure.csproj", "{5E7F6D70-AA0B-46E9-AB84-47FADBD4DB5D}"
EndProject
Project("{2150E333-8FDC-42A3-9474-1A3956D46DE8}") = "ConsoleApp", "ConsoleApp", "{228F8199-BD67-0EA3-D7A7-770C3297BA30}"
EndProject
Project("{FAE04EC0-301F-11D3-BF4B-00C04F79EFBC}") = "SistemaEstoque.ConsoleApp", "src\ConsoleApp\SistemaEstoque.ConsoleApp.csproj", "{245E7548-FABB-431B-9A14-E02FF6F37B6C}"
EndProject
Global
	GlobalSection(SolutionConfigurationPlatforms) = preSolution
		Debug|Any CPU = Debug|Any CPU
		Debug|x64 = Debug|x64
		Debug|x86 = Debug|x86
		Release|Any CPU = Release|Any CPU
		Release|x64 = Release|x64
		Release|x86 = Release|x86
	EndGlobalSection
	GlobalSection(ProjectConfigurationPlatforms) = postSolution
		{BBC787C5-CDFD-48F6-91E0-AAACF164F998}.Debug|Any CPU.ActiveCfg = Debug|Any CPU
		{BBC787C5-CDFD-48F6-91E0-AAACF164F998}.Debug|Any CPU.Build.0 = Debug|Any CPU
		{BBC787C5-CDFD-48F6-91E0-AAACF164F998}.Debug|x64.ActiveCfg = Debug|Any CPU
		{BBC787C5-CDFD-48F6-91E0-AAACF164F998}.Debug|x64.Build.0 = Debug|Any CPU
		{BBC787C5-CDFD-48F6-91E0-AAACF164F998}.Debug|x86.ActiveCfg = Debug|Any CPU
		{BBC787C5-CDFD-48F6-91E0-AAACF164F998}.Debug|x86.Build.0 = Debug|Any CPU
		{BBC787C5-CDFD-48F6-91E0-AAACF164F998}.Release|Any CPU.ActiveCfg = Release|Any CPU
		{BBC787C5-CDFD-48F6-91E0-AAACF164F998}.Release|Any CPU.Build.0 = Release|Any CPU
		{BBC787C5-CDFD-48F6-91E0-AAACF164F998}.Release|x64.ActiveCfg = Release|Any CPU
		{BBC787C5-CDFD-48F6-91E0-AAACF164F998}.Release|x64.Build.0 = Release|Any CPU
		{BBC787C5-CDFD-48F6-91E0-AAACF164F998}.Release|x86.ActiveCfg = Release|Any CPU
		{BBC787C5-CDFD-48F6-91E0-AAACF164F998}.Release|x86.Build.0 = Release|Any CPU
		{8319035D-5776-4E84-A602-8C1728ABADE5}.Debug|Any CPU.ActiveCfg = Debug|Any CPU
		{8319035D-5776-4E84-A602-8C1728ABADE5}.Debug|Any CPU.Build.0 = Debug|Any CPU
		{8319035D-5776-4E84-A602-8C1728ABADE5}.Debug|x64.ActiveCfg = Debug|Any CPU
		{8319035D-5776-4E84-A602-8C1728ABADE5}.Debug|x64.Build.0 = Debug|Any CPU
		{8319035D-5776-4E84-A602-8C1728ABADE5}.Debug|x86.ActiveCfg = Debug|Any CPU
		{8319035D-5776-4E84-A602-8C1728ABADE5}.Debug|x86.Build.0 = Debug|Any CPU
		{8319035D-5776-4E84-A602-8C1728ABADE5}.Release|Any CPU.ActiveCfg = Release|Any CPU
		{8319035D-5776-4E84-A602-8C1728ABADE5}.Release|Any CPU.Build.0 = Release|Any CPU
		{8319035D-5776-4E84-A602-8C1728ABADE5}.Release|x64.ActiveCfg = Release|Any CPU
		{8319035D-5776-4E84-A602-8C1728ABADE5}.Release|x64.Build.0 = Release|Any CPU
		{8319035D-5776-4E84-A602-8C1728ABADE5}.Release|x86.ActiveCfg = Release|Any CPU
		{8319035D-5776-4E84-A602-8C1728ABADE5}.Release|x86.Build.0 = Release|Any CPU
		{5E7F6D70-AA0B-46E9-AB84-47FADBD4DB5D}.Debug|Any CPU.ActiveCfg = Debug|Any CPU
		{5E7F6D70-AA0B-46E9-AB84-47FADBD4DB5D}.Debug|Any CPU.Build.0 = Debug|Any CPU
		{5E7F6D70-AA0B-46E9-AB84-47FADBD4DB5D}.Debug|x64.ActiveCfg = Debug|Any CPU
		{5E7F6D70-AA0B-46E9-AB84-47FADBD4DB5D}.Debug|x64.Build.0 = Debug|Any CPU
		{5E7F6D70-AA0B-46E9-AB84-47FADBD4DB5D}.Debug|x86.ActiveCfg = Debug|Any CPU
		{5E7F6D70-AA0B-46E9-AB84-47FADBD4DB5D}.Debug|x86.Build.0 = Debug|Any CPU
		{5E7F6D70-AA0B-46E9-AB84-47FADBD4DB5D}.Release|Any CPU.ActiveCfg = Release|Any CPU
		{5E7F6D70-AA0B-46E9-AB84-47FADBD4DB5D}.Release|Any CPU.Build.0 = Release|Any CPU
		{5E7F6D70-AA0B-46E9-AB84-47FADBD4DB5D}.Release|x64.ActiveCfg = Release|Any CPU
		{5E7F6D70-AA0B-46E9-AB84-47FADBD4DB5D}.Release|x64.Build.0 = Release|Any CPU
		{5E7F6D70-AA0B-46E9-AB84-47FADBD4DB5D}.Release|x86.ActiveCfg = Release|Any CPU
		{5E7F6D70-AA0B-46E9-AB84-47FADBD4DB5D}.Release|x86.Build.0 = Release|Any CPU
		{245E7548-FABB-431B-9A14-E02FF6F37B6C}.Debug|Any CPU.ActiveCfg = Debug|Any CPU
		{245E7548-FABB-431B-9A14-E02FF6F37B6C}.Debug|Any CPU.Build.0 = Debug|Any CPU
		{245E7548-FABB-431B-9A14-E02FF6F37B6C}.Debug|x64.ActiveCfg = Debug|Any CPU
		{245E7548-FABB-431B-9A14-E02FF6F37B6C}.Debug|x64.Build.0 = Debug|Any CPU
		{245E7548-FABB-431B-9A14-E02FF6F37B6C}.Debug|x86.ActiveCfg = Debug|Any CPU
		{245E7548-FABB-431B-9A14-E02FF6F37B6C}.Debug|x86.Build.0 = Debug|Any CPU
		{245E7548-FABB-431B-9A14-E02FF6F37B6C}.Release|Any CPU.ActiveCfg = Release|Any CPU
		{245E7548-FABB-431B-9A14-E02FF6F37B6C}.Release|Any CPU.Build.0 = Release|Any CPU
		{245E7548-FABB-431B-9A14-E02FF6F37B6C}.Release|x64.ActiveCfg = Release|Any CPU
		{245E7548-FABB-431B-9A14-E02FF6F37B6C}.Release|x64.Build.0 = Release|Any CPU
		{245E7548-FABB-431B-9A14-E02FF6F37B6C}.Release|x86.ActiveCfg = Release|Any CPU
		{245E7548-FABB-431B-9A14-E02FF6F37B6C}.Release|x86.Build.0 = Release|Any CPU
	EndGlobalSection
	GlobalSection(SolutionProperties) = preSolution
		HideSolutionNode = FALSE
	EndGlobalSection
	GlobalSection(NestedProjects) = preSolution
		{8D626EA8-CB54-BC41-363A-217881BEBA6E} = {827E0CD3-B72D-47B6-A68D-7590B98EB39B}
		{BBC787C5-CDFD-48F6-91E0-AAACF164F998} = {8D626EA8-CB54-BC41-363A-217881BEBA6E}
		{22BAF98C-8415-17C4-B26A-D537657BC863} = {827E0CD3-B72D-47B6-A68D-7590B98EB39B}
		{8319035D-5776-4E84-A602-8C1728ABADE5} = {22BAF98C-8415-17C4-B26A-D537657BC863}
		{9048EB7F-3875-A59E-E36B-5BD4C6F2A282} = {827E0CD3-B72D-47B6-A68D-7590B98EB39B}
		{5E7F6D70-AA0B-46E9-AB84-47FADBD4DB5D} = {9048EB7F-3875-A59E-E36B-5BD4C6F2A282}
		{228F8199-BD67-0EA3-D7A7-770C3297BA30} = {827E0CD3-B72D-47B6-A68D-7590B98EB39B}
		{245E7548-FABB-431B-9A14-E02FF6F37B6C} = {228F8199-BD67-0EA3-D7A7-770C3297BA30}
	EndGlobalSection
EndGlobal
